// !$*UTF8*$!
{
	archiveVersion = 1;
	classes = {
	};
	objectVersion = 46;
	objects = {

/* Begin PBXBuildFile section */
		D8F9FB601B73F63F00115267 /* AppDelegate.swift in Sources */ = {isa = PBXBuildFile; fileRef = D8F9FB5F1B73F63F00115267 /* AppDelegate.swift */; };
		D8F9FB621B73F63F00115267 /* ViewController.swift in Sources */ = {isa = PBXBuildFile; fileRef = D8F9FB611B73F63F00115267 /* ViewController.swift */; };
		D8F9FB651B73F63F00115267 /* Main.storyboard in Resources */ = {isa = PBXBuildFile; fileRef = D8F9FB631B73F63F00115267 /* Main.storyboard */; };
		D8F9FB671B73F63F00115267 /* Images.xcassets in Resources */ = {isa = PBXBuildFile; fileRef = D8F9FB661B73F63F00115267 /* Images.xcassets */; };
		D8F9FB6A1B73F63F00115267 /* LaunchScreen.xib in Resources */ = {isa = PBXBuildFile; fileRef = D8F9FB681B73F63F00115267 /* LaunchScreen.xib */; };
		D8F9FB761B73F63F00115267 /* KeyValueAppTests.swift in Sources */ = {isa = PBXBuildFile; fileRef = D8F9FB751B73F63F00115267 /* KeyValueAppTests.swift */; };
/* End PBXBuildFile section */

/* Begin PBXContainerItemProxy section */
		D8F9FB701B73F63F00115267 /* PBXContainerItemProxy */ = {
			isa = PBXContainerItemProxy;
			containerPortal = D8F9FB521B73F63F00115267 /* Project object */;
			proxyType = 1;
			remoteGlobalIDString = D8F9FB591B73F63F00115267;
			remoteInfo = KeyValueApp;
		};
/* End PBXContainerItemProxy section */

/* Begin PBXFileReference section */
		B5A209A51B73F88F006E482B /* KeyValueApp.entitlements */ = {isa = PBXFileReference; lastKnownFileType = text.xml; path = KeyValueApp.entitlements; sourceTree = "<group>"; };
		D8F9FB5A1B73F63F00115267 /* KeyValueApp.app */ = {isa = PBXFileReference; explicitFileType = wrapper.application; includeInIndex = 0; path = KeyValueApp.app; sourceTree = BUILT_PRODUCTS_DIR; };
		D8F9FB5E1B73F63F00115267 /* Info.plist */ = {isa = PBXFileReference; lastKnownFileType = text.plist.xml; path = Info.plist; sourceTree = "<group>"; };
		D8F9FB5F1B73F63F00115267 /* AppDelegate.swift */ = {isa = PBXFileReference; lastKnownFileType = sourcecode.swift; path = AppDelegate.swift; sourceTree = "<group>"; };
		D8F9FB611B73F63F00115267 /* ViewController.swift */ = {isa = PBXFileReference; lastKnownFileType = sourcecode.swift; path = ViewController.swift; sourceTree = "<group>"; };
		D8F9FB641B73F63F00115267 /* Base */ = {isa = PBXFileReference; lastKnownFileType = file.storyboard; name = Base; path = Base.lproj/Main.storyboard; sourceTree = "<group>"; };
		D8F9FB661B73F63F00115267 /* Images.xcassets */ = {isa = PBXFileReference; lastKnownFileType = folder.assetcatalog; path = Images.xcassets; sourceTree = "<group>"; };
		D8F9FB691B73F63F00115267 /* Base */ = {isa = PBXFileReference; lastKnownFileType = file.xib; name = Base; path = Base.lproj/LaunchScreen.xib; sourceTree = "<group>"; };
		D8F9FB6F1B73F63F00115267 /* KeyValueAppTests.xctest */ = {isa = PBXFileReference; explicitFileType = wrapper.cfbundle; includeInIndex = 0; path = KeyValueAppTests.xctest; sourceTree = BUILT_PRODUCTS_DIR; };
		D8F9FB741B73F63F00115267 /* Info.plist */ = {isa = PBXFileReference; lastKnownFileType = text.plist.xml; path = Info.plist; sourceTree = "<group>"; };
		D8F9FB751B73F63F00115267 /* KeyValueAppTests.swift */ = {isa = PBXFileReference; lastKnownFileType = sourcecode.swift; path = KeyValueAppTests.swift; sourceTree = "<group>"; };
/* End PBXFileReference section */

/* Begin PBXFrameworksBuildPhase section */
		D8F9FB571B73F63F00115267 /* Frameworks */ = {
			isa = PBXFrameworksBuildPhase;
			buildActionMask = 2147483647;
			files = (
			);
			runOnlyForDeploymentPostprocessing = 0;
		};
		D8F9FB6C1B73F63F00115267 /* Frameworks */ = {
			isa = PBXFrameworksBuildPhase;
			buildActionMask = 2147483647;
			files = (
			);
			runOnlyForDeploymentPostprocessing = 0;
		};
/* End PBXFrameworksBuildPhase section */

/* Begin PBXGroup section */
		D8F9FB511B73F63F00115267 = {
			isa = PBXGroup;
			children = (
				D8F9FB5C1B73F63F00115267 /* KeyValueApp */,
				D8F9FB721B73F63F00115267 /* KeyValueAppTests */,
				D8F9FB5B1B73F63F00115267 /* Products */,
			);
			sourceTree = "<group>";
		};
		D8F9FB5B1B73F63F00115267 /* Products */ = {
			isa = PBXGroup;
			children = (
				D8F9FB5A1B73F63F00115267 /* KeyValueApp.app */,
				D8F9FB6F1B73F63F00115267 /* KeyValueAppTests.xctest */,
			);
			name = Products;
			sourceTree = "<group>";
		};
		D8F9FB5C1B73F63F00115267 /* KeyValueApp */ = {
			isa = PBXGroup;
			children = (
				B5A209A51B73F88F006E482B /* KeyValueApp.entitlements */,
				D8F9FB5F1B73F63F00115267 /* AppDelegate.swift */,
				D8F9FB611B73F63F00115267 /* ViewController.swift */,
				D8F9FB631B73F63F00115267 /* Main.storyboard */,
				D8F9FB661B73F63F00115267 /* Images.xcassets */,
				D8F9FB681B73F63F00115267 /* LaunchScreen.xib */,
				D8F9FB5D1B73F63F00115267 /* Supporting Files */,
			);
			path = KeyValueApp;
			sourceTree = "<group>";
		};
		D8F9FB5D1B73F63F00115267 /* Supporting Files */ = {
			isa = PBXGroup;
			children = (
				D8F9FB5E1B73F63F00115267 /* Info.plist */,
			);
			name = "Supporting Files";
			sourceTree = "<group>";
		};
		D8F9FB721B73F63F00115267 /* KeyValueAppTests */ = {
			isa = PBXGroup;
			children = (
				D8F9FB751B73F63F00115267 /* KeyValueAppTests.swift */,
				D8F9FB731B73F63F00115267 /* Supporting Files */,
			);
			path = KeyValueAppTests;
			sourceTree = "<group>";
		};
		D8F9FB731B73F63F00115267 /* Supporting Files */ = {
			isa = PBXGroup;
			children = (
				D8F9FB741B73F63F00115267 /* Info.plist */,
			);
			name = "Supporting Files";
			sourceTree = "<group>";
		};
/* End PBXGroup section */

/* Begin PBXNativeTarget section */
		D8F9FB591B73F63F00115267 /* KeyValueApp */ = {
			isa = PBXNativeTarget;
			buildConfigurationList = D8F9FB791B73F63F00115267 /* Build configuration list for PBXNativeTarget "KeyValueApp" */;
			buildPhases = (
				D8F9FB561B73F63F00115267 /* Sources */,
				D8F9FB571B73F63F00115267 /* Frameworks */,
				D8F9FB581B73F63F00115267 /* Resources */,
			);
			buildRules = (
			);
			dependencies = (
			);
			name = KeyValueApp;
			productName = KeyValueApp;
			productReference = D8F9FB5A1B73F63F00115267 /* KeyValueApp.app */;
			productType = "com.apple.product-type.application";
		};
		D8F9FB6E1B73F63F00115267 /* KeyValueAppTests */ = {
			isa = PBXNativeTarget;
			buildConfigurationList = D8F9FB7C1B73F63F00115267 /* Build configuration list for PBXNativeTarget "KeyValueAppTests" */;
			buildPhases = (
				D8F9FB6B1B73F63F00115267 /* Sources */,
				D8F9FB6C1B73F63F00115267 /* Frameworks */,
				D8F9FB6D1B73F63F00115267 /* Resources */,
			);
			buildRules = (
			);
			dependencies = (
				D8F9FB711B73F63F00115267 /* PBXTargetDependency */,
			);
			name = KeyValueAppTests;
			productName = KeyValueAppTests;
			productReference = D8F9FB6F1B73F63F00115267 /* KeyValueAppTests.xctest */;
			productType = "com.apple.product-type.bundle.unit-test";
		};
/* End PBXNativeTarget section */

/* Begin PBXProject section */
		D8F9FB521B73F63F00115267 /* Project object */ = {
			isa = PBXProject;
			attributes = {
				CLASSPREFIX = NML;
				LastUpgradeCheck = 0640;
				ORGANIZATIONNAME = "Nice Mohawk Limited";
				TargetAttributes = {
					D8F9FB591B73F63F00115267 = {
						CreatedOnToolsVersion = 6.4;
						DevelopmentTeam = GYV9U8338K;
						SystemCapabilities = {
							com.apple.iCloud = {
								enabled = 1;
							};
						};
					};
					D8F9FB6E1B73F63F00115267 = {
						CreatedOnToolsVersion = 6.4;
						TestTargetID = D8F9FB591B73F63F00115267;
					};
				};
			};
			buildConfigurationList = D8F9FB551B73F63F00115267 /* Build configuration list for PBXProject "KeyValueApp" */;
			compatibilityVersion = "Xcode 3.2";
			developmentRegion = English;
			hasScannedForEncodings = 0;
			knownRegions = (
				en,
				Base,
			);
			mainGroup = D8F9FB511B73F63F00115267;
			productRefGroup = D8F9FB5B1B73F63F00115267 /* Products */;
			projectDirPath = "";
			projectRoot = "";
			targets = (
				D8F9FB591B73F63F00115267 /* KeyValueApp */,
				D8F9FB6E1B73F63F00115267 /* KeyValueAppTests */,
			);
		};
/* End PBXProject section */

/* Begin PBXResourcesBuildPhase section */
		D8F9FB581B73F63F00115267 /* Resources */ = {
			isa = PBXResourcesBuildPhase;
			buildActionMask = 2147483647;
			files = (
				D8F9FB651B73F63F00115267 /* Main.storyboard in Resources */,
				D8F9FB6A1B73F63F00115267 /* LaunchScreen.xib in Resources */,
				D8F9FB671B73F63F00115267 /* Images.xcassets in Resources */,
			);
			runOnlyForDeploymentPostprocessing = 0;
		};
		D8F9FB6D1B73F63F00115267 /* Resources */ = {
			isa = PBXResourcesBuildPhase;
			buildActionMask = 2147483647;
			files = (
			);
			runOnlyForDeploymentPostprocessing = 0;
		};
/* End PBXResourcesBuildPhase section */

/* Begin PBXSourcesBuildPhase section */
		D8F9FB561B73F63F00115267 /* Sources */ = {
			isa = PBXSourcesBuildPhase;
			buildActionMask = 2147483647;
			files = (
				D8F9FB621B73F63F00115267 /* ViewController.swift in Sources */,
				D8F9FB601B73F63F00115267 /* AppDelegate.swift in Sources */,
			);
			runOnlyForDeploymentPostprocessing = 0;
		};
		D8F9FB6B1B73F63F00115267 /* Sources */ = {
			isa = PBXSourcesBuildPhase;
			buildActionMask = 2147483647;
			files = (
				D8F9FB761B73F63F00115267 /* KeyValueAppTests.swift in Sources */,
			);
			runOnlyForDeploymentPostprocessing = 0;
		};
/* End PBXSourcesBuildPhase section */

/* Begin PBXTargetDependency section */
		D8F9FB711B73F63F00115267 /* PBXTargetDependency */ = {
			isa = PBXTargetDependency;
			target = D8F9FB591B73F63F00115267 /* KeyValueApp */;
			targetProxy = D8F9FB701B73F63F00115267 /* PBXContainerItemProxy */;
		};
/* End PBXTargetDependency section */

/* Begin PBXVariantGroup section */
		D8F9FB631B73F63F00115267 /* Main.storyboard */ = {
			isa = PBXVariantGroup;
			children = (
				D8F9FB641B73F63F00115267 /* Base */,
			);
			name = Main.storyboard;
			sourceTree = "<group>";
		};
		D8F9FB681B73F63F00115267 /* LaunchScreen.xib */ = {
			isa = PBXVariantGroup;
			children = (
				D8F9FB691B73F63F00115267 /* Base */,
			);
			name = LaunchScreen.xib;
			sourceTree = "<group>";
		};
/* End PBXVariantGroup section */

/* Begin XCBuildConfiguration section */
		D8F9FB771B73F63F00115267 /* Debug */ = {
			isa = XCBuildConfiguration;
			buildSettings = {
				ALWAYS_SEARCH_USER_PATHS = NO;
				CLANG_CXX_LANGUAGE_STANDARD = "gnu++0x";
				CLANG_CXX_LIBRARY = "libc++";
				CLANG_ENABLE_MODULES = YES;
				CLANG_ENABLE_OBJC_ARC = YES;
				CLANG_WARN_BOOL_CONVERSION = YES;
				CLANG_WARN_CONSTANT_CONVERSION = YES;
				CLANG_WARN_DIRECT_OBJC_ISA_USAGE = YES_ERROR;
				CLANG_WARN_EMPTY_BODY = YES;
				CLANG_WARN_ENUM_CONVERSION = YES;
				CLANG_WARN_INT_CONVERSION = YES;
				CLANG_WARN_OBJC_ROOT_CLASS = YES_ERROR;
				CLANG_WARN_UNREACHABLE_CODE = YES;
				CLANG_WARN__DUPLICATE_METHOD_MATCH = YES;
				"CODE_SIGN_IDENTITY[sdk=iphoneos*]" = "iPhone Developer";
				COPY_PHASE_STRIP = NO;
				DEBUG_INFORMATION_FORMAT = "dwarf-with-dsym";
				ENABLE_STRICT_OBJC_MSGSEND = YES;
				GCC_C_LANGUAGE_STANDARD = gnu99;
				GCC_DYNAMIC_NO_PIC = NO;
				GCC_NO_COMMON_BLOCKS = YES;
				GCC_OPTIMIZATION_LEVEL = 0;
				GCC_PREPROCESSOR_DEFINITIONS = (
					"DEBUG=1",
					"$(inherited)",
				);
				GCC_SYMBOLS_PRIVATE_EXTERN = NO;
				GCC_WARN_64_TO_32_BIT_CONVERSION = YES;
				GCC_WARN_ABOUT_RETURN_TYPE = YES_ERROR;
				GCC_WARN_UNDECLARED_SELECTOR = YES;
				GCC_WARN_UNINITIALIZED_AUTOS = YES_AGGRESSIVE;
				GCC_WARN_UNUSED_FUNCTION = YES;
				GCC_WARN_UNUSED_VARIABLE = YES;
				IPHONEOS_DEPLOYMENT_TARGET = 8.4;
				MTL_ENABLE_DEBUG_INFO = YES;
				ONLY_ACTIVE_ARCH = YES;
				SDKROOT = iphoneos;
				SWIFT_OPTIMIZATION_LEVEL = "-Onone";
				TARGETED_DEVICE_FAMILY = "1,2";
			};
			name = Debug;
		};
		D8F9FB781B73F63F00115267 /* Release */ = {
			isa = XCBuildConfiguration;
			buildSettings = {
				ALWAYS_SEARCH_USER_PATHS = NO;
				CLANG_CXX_LANGUAGE_STANDARD = "gnu++0x";
				CLANG_CXX_LIBRARY = "libc++";
				CLANG_ENABLE_MODULES = YES;
				CLANG_ENABLE_OBJC_ARC = YES;
				CLANG_WARN_BOOL_CONVERSION = YES;
				CLANG_WARN_CONSTANT_CONVERSION = YES;
				CLANG_WARN_DIRECT_OBJC_ISA_USAGE = YES_ERROR;
				CLANG_WARN_EMPTY_BODY = YES;
				CLANG_WARN_ENUM_CONVERSION = YES;
				CLANG_WARN_INT_CONVERSION = YES;
				CLANG_WARN_OBJC_ROOT_CLASS = YES_ERROR;
				CLANG_WARN_UNREACHABLE_CODE = YES;
				CLANG_WARN__DUPLICATE_METHOD_MATCH = YES;
				"CODE_SIGN_IDENTITY[sdk=iphoneos*]" = "iPhone Developer";
				COPY_PHASE_STRIP = NO;
				DEBUG_INFORMATION_FORMAT = "dwarf-with-dsym";
				ENABLE_NS_ASSERTIONS = NO;
				ENABLE_STRICT_OBJC_MSGSEND = YES;
				GCC_C_LANGUAGE_STANDARD = gnu99;
				GCC_NO_COMMON_BLOCKS = YES;
				GCC_WARN_64_TO_32_BIT_CONVERSION = YES;
				GCC_WARN_ABOUT_RETURN_TYPE = YES_ERROR;
				GCC_WARN_UNDECLARED_SELECTOR = YES;
				GCC_WARN_UNINITIALIZED_AUTOS = YES_AGGRESSIVE;
				GCC_WARN_UNUSED_FUNCTION = YES;
				GCC_WARN_UNUSED_VARIABLE = YES;
				IPHONEOS_DEPLOYMENT_TARGET = 8.4;
				MTL_ENABLE_DEBUG_INFO = NO;
				SDKROOT = iphoneos;
				TARGETED_DEVICE_FAMILY = "1,2";
				VALIDATE_PRODUCT = YES;
			};
			name = Release;
		};
		D8F9FB7A1B73F63F00115267 /* Debug */ = {
			isa = XCBuildConfiguration;
			buildSettings = {
				ASSETCATALOG_COMPILER_APPICON_NAME = AppIcon;
				CODE_SIGN_ENTITLEMENTS = KeyValueApp/KeyValueApp.entitlements;
				CODE_SIGN_IDENTITY = "iPhone Developer";
				INFOPLIST_FILE = KeyValueApp/Info.plist;
				LD_RUNPATH_SEARCH_PATHS = "$(inherited) @executable_path/Frameworks";
				PRODUCT_NAME = "$(TARGET_NAME)";
			};
			name = Debug;
		};
		D8F9FB7B1B73F63F00115267 /* Release */ = {
			isa = XCBuildConfiguration;
			buildSettings = {
				ASSETCATALOG_COMPILER_APPICON_NAME = AppIcon;
				CODE_SIGN_ENTITLEMENTS = KeyValueApp/KeyValueApp.entitlements;
				CODE_SIGN_IDENTITY = "iPhone Developer";
				INFOPLIST_FILE = KeyValueApp/Info.plist;
				LD_RUNPATH_SEARCH_PATHS = "$(inherited) @executable_path/Frameworks";
				PRODUCT_NAME = "$(TARGET_NAME)";
			};
			name = Release;
		};
		D8F9FB7D1B73F63F00115267 /* Debug */ = {
			isa = XCBuildConfiguration;
			buildSettings = {
				BUNDLE_LOADER = "$(TEST_HOST)";
				FRAMEWORK_SEARCH_PATHS = (
					"$(SDKROOT)/Developer/Library/Frameworks",
					"$(inherited)",
				);
				GCC_PREPROCESSOR_DEFINITIONS = (
					"DEBUG=1",
					"$(inherited)",
				);
				INFOPLIST_FILE = KeyValueAppTests/Info.plist;
				LD_RUNPATH_SEARCH_PATHS = "$(inherited) @executable_path/Frameworks @loader_path/Frameworks";
				PRODUCT_NAME = "$(TARGET_NAME)";
				TEST_HOST = "$(BUILT_PRODUCTS_DIR)/KeyValueApp.app/KeyValueApp";
			};
			name = Debug;
		};
		D8F9FB7E1B73F63F00115267 /* Release */ = {
			isa = XCBuildConfiguration;
			buildSettings = {
				BUNDLE_LOADER = "$(TEST_HOST)";
				FRAMEWORK_SEARCH_PATHS = (
					"$(SDKROOT)/Developer/Library/Frameworks",
					"$(inherited)",
				);
				INFOPLIST_FILE = KeyValueAppTests/Info.plist;
				LD_RUNPATH_SEARCH_PATHS = "$(inherited) @executable_path/Frameworks @loader_path/Frameworks";
				PRODUCT_NAME = "$(TARGET_NAME)";
				TEST_HOST = "$(BUILT_PRODUCTS_DIR)/KeyValueApp.app/KeyValueApp";
			};
			name = Release;
		};
/* End XCBuildConfiguration section */

/* Begin XCConfigurationList section */
		D8F9FB551B73F63F00115267 /* Build configuration list for PBXProject "KeyValueApp" */ = {
			isa = XCConfigurationList;
			buildConfigurations = (
				D8F9FB771B73F63F00115267 /* Debug */,
				D8F9FB781B73F63F00115267 /* Release */,
			);
			defaultConfigurationIsVisible = 0;
			defaultConfigurationName = Release;
		};
		D8F9FB791B73F63F00115267 /* Build configuration list for PBXNativeTarget "KeyValueApp" */ = {
			isa = XCConfigurationList;
			buildConfigurations = (
				D8F9FB7A1B73F63F00115267 /* Debug */,
				D8F9FB7B1B73F63F00115267 /* Release */,
			);
			defaultConfigurationIsVisible = 0;
			defaultConfigurationName = Release;
		};
		D8F9FB7C1B73F63F00115267 /* Build configuration list for PBXNativeTarget "KeyValueAppTests" */ = {
			isa = XCConfigurationList;
			buildConfigurations = (
				D8F9FB7D1B73F63F00115267 /* Debug */,
				D8F9FB7E1B73F63F00115267 /* Release */,
			);
			defaultConfigurationIsVisible = 0;
			defaultConfigurationName = Release;
		};
/* End XCConfigurationList section */
	};
	rootObject = D8F9FB521B73F63F00115267 /* Project object */;
}
